// !$*UTF8*$!
{
	archiveVersion = 1;
	classes = {
	};
	objectVersion = 55;
	objects = {

/* Begin PBXBuildFile section */
		20760D1D4EB215814F93E2D0 /* Pods_FaceGestureDetection.framework in Frameworks */ = {isa = PBXBuildFile; fileRef = 0059023D932E105721FA1E92 /* Pods_FaceGestureDetection.framework */; };
		3D534FD5291E5F4E007224F3 /* FacialGestureView.swift in Sources */ = {isa = PBXBuildFile; fileRef = 3D534FD4291E5F4E007224F3 /* FacialGestureView.swift */; };
		3D88A7F52924D1EF0040C724 /* blink_eyes_Animation.json in Resources */ = {isa = PBXBuildFile; fileRef = 3D88A7F32924D1EF0040C724 /* blink_eyes_Animation.json */; };
		3D88A7F62924D1EF0040C724 /* smile_Animation.json in Resources */ = {isa = PBXBuildFile; fileRef = 3D88A7F42924D1EF0040C724 /* smile_Animation.json */; };
		3D88A7F82924D2070040C724 /* Main.storyboard in Resources */ = {isa = PBXBuildFile; fileRef = 3D88A7F72924D2070040C724 /* Main.storyboard */; };
		3D88A7FB2924D2230040C724 /* LivenessDetectionViewController.swift in Sources */ = {isa = PBXBuildFile; fileRef = 3D88A7F92924D2230040C724 /* LivenessDetectionViewController.swift */; };
		3D88A7FC2924D2230040C724 /* SelfieViewController.swift in Sources */ = {isa = PBXBuildFile; fileRef = 3D88A7FA2924D2230040C724 /* SelfieViewController.swift */; };
		3D88A7FE2924D2330040C724 /* LoaderAnimation.swift in Sources */ = {isa = PBXBuildFile; fileRef = 3D88A7FD2924D2330040C724 /* LoaderAnimation.swift */; };
		3D97B661291CCD52009577BE /* BaseViewController.swift in Sources */ = {isa = PBXBuildFile; fileRef = 3D97B657291CCD52009577BE /* BaseViewController.swift */; };
		3D97B662291CCD52009577BE /* IntroViewController.swift in Sources */ = {isa = PBXBuildFile; fileRef = 3D97B658291CCD52009577BE /* IntroViewController.swift */; };
		3D97B663291CCD52009577BE /* ScanCardBackViewController.swift in Sources */ = {isa = PBXBuildFile; fileRef = 3D97B659291CCD52009577BE /* ScanCardBackViewController.swift */; };
		3D97B664291CCD52009577BE /* HomeViewController.swift in Sources */ = {isa = PBXBuildFile; fileRef = 3D97B65A291CCD52009577BE /* HomeViewController.swift */; };
		3D97B665291CCD52009577BE /* PopupViewController.swift in Sources */ = {isa = PBXBuildFile; fileRef = 3D97B65B291CCD52009577BE /* PopupViewController.swift */; };
		3D97B667291CCD52009577BE /* SuccessViewController.swift in Sources */ = {isa = PBXBuildFile; fileRef = 3D97B65D291CCD52009577BE /* SuccessViewController.swift */; };
		3D97B668291CCD52009577BE /* ScanCardViewController.swift in Sources */ = {isa = PBXBuildFile; fileRef = 3D97B65E291CCD52009577BE /* ScanCardViewController.swift */; };
		3D97B673291CCF35009577BE /* LivenessDetectionHeaderTableViewCell.swift in Sources */ = {isa = PBXBuildFile; fileRef = 3D97B66A291CCF35009577BE /* LivenessDetectionHeaderTableViewCell.swift */; };
		3D97B675291CCF35009577BE /* PopupDetailTableViewCell.xib in Resources */ = {isa = PBXBuildFile; fileRef = 3D97B66C291CCF35009577BE /* PopupDetailTableViewCell.xib */; };
		3D97B676291CCF35009577BE /* LivenessDetectionOptionsTableViewCell.swift in Sources */ = {isa = PBXBuildFile; fileRef = 3D97B66D291CCF35009577BE /* LivenessDetectionOptionsTableViewCell.swift */; };
		3D97B677291CCF35009577BE /* LivenessDetectionHeaderTableViewCell.xib in Resources */ = {isa = PBXBuildFile; fileRef = 3D97B66E291CCF35009577BE /* LivenessDetectionHeaderTableViewCell.xib */; };
		3D97B678291CCF35009577BE /* LivenessDetectionOptionsTableViewCell.xib in Resources */ = {isa = PBXBuildFile; fileRef = 3D97B66F291CCF35009577BE /* LivenessDetectionOptionsTableViewCell.xib */; };
		3D97B679291CCF35009577BE /* FullScreenImageViewController.swift in Sources */ = {isa = PBXBuildFile; fileRef = 3D97B670291CCF35009577BE /* FullScreenImageViewController.swift */; };
		3D97B67A291CCF35009577BE /* PopupDetailTableViewCell.swift in Sources */ = {isa = PBXBuildFile; fileRef = 3D97B671291CCF35009577BE /* PopupDetailTableViewCell.swift */; };
		3D97B67B291CCF35009577BE /* FullScreenImageViewController.xib in Resources */ = {isa = PBXBuildFile; fileRef = 3D97B672291CCF35009577BE /* FullScreenImageViewController.xib */; };
		3D97B684291CD125009577BE /* PopupModels.swift in Sources */ = {isa = PBXBuildFile; fileRef = 3D97B67D291CD125009577BE /* PopupModels.swift */; };
		3D97B911291D0407009577BE /* MNISTClassifier.mlmodel in Sources */ = {isa = PBXBuildFile; fileRef = 3D97B910291D0407009577BE /* MNISTClassifier.mlmodel */; settings = {ATTRIBUTES = (project_codegen, ); }; };
		3D97B913291D0438009577BE /* Extensions.swift in Sources */ = {isa = PBXBuildFile; fileRef = 3D97B912291D0438009577BE /* Extensions.swift */; };
		3D97B915291D07D5009577BE /* UIView.swift in Sources */ = {isa = PBXBuildFile; fileRef = 3D97B914291D07D5009577BE /* UIView.swift */; };
		3D97B917291D0849009577BE /* UILabel.swift in Sources */ = {isa = PBXBuildFile; fileRef = 3D97B916291D0849009577BE /* UILabel.swift */; };
		3D97B919291D0869009577BE /* UIColorExtensions.swift in Sources */ = {isa = PBXBuildFile; fileRef = 3D97B918291D0869009577BE /* UIColorExtensions.swift */; };
		3D97B91B291D0902009577BE /* UIFont.swift in Sources */ = {isa = PBXBuildFile; fileRef = 3D97B91A291D0901009577BE /* UIFont.swift */; };
		3DB792462919082100A8E777 /* FaceGestureDetection.framework in Frameworks */ = {isa = PBXBuildFile; fileRef = 3DB7923D2919082000A8E777 /* FaceGestureDetection.framework */; };
		3DB7924B2919082100A8E777 /* FaceGestureDetectionTests.swift in Sources */ = {isa = PBXBuildFile; fileRef = 3DB7924A2919082100A8E777 /* FaceGestureDetectionTests.swift */; };
		3DB7924C2919082100A8E777 /* FaceGestureDetection.h in Headers */ = {isa = PBXBuildFile; fileRef = 3DB792402919082000A8E777 /* FaceGestureDetection.h */; settings = {ATTRIBUTES = (Public, ); }; };
		3DD3CBE12924B4B3003D3698 /* Assets.xcassets in Resources */ = {isa = PBXBuildFile; fileRef = 3DD3CBE02924B4B2003D3698 /* Assets.xcassets */; };
		3DE7E2E5291E81B40057EE5C /* FaceGestureDetectionViewController.swift in Sources */ = {isa = PBXBuildFile; fileRef = 3DE7E2E4291E81B40057EE5C /* FaceGestureDetectionViewController.swift */; };
		FBEC79687FCC4DFC4E10598B /* Pods_FaceGestureDetection_FaceGestureDetectionTests.framework in Frameworks */ = {isa = PBXBuildFile; fileRef = 4EBB1B9ED32F74AC6A335FB9 /* Pods_FaceGestureDetection_FaceGestureDetectionTests.framework */; };
/* End PBXBuildFile section */

/* Begin PBXContainerItemProxy section */
		3DB792472919082100A8E777 /* PBXContainerItemProxy */ = {
			isa = PBXContainerItemProxy;
			containerPortal = 3DB792342919082000A8E777 /* Project object */;
			proxyType = 1;
			remoteGlobalIDString = 3DB7923C2919082000A8E777;
			remoteInfo = FaceGestureDetection;
		};
/* End PBXContainerItemProxy section */

/* Begin PBXFileReference section */
		0059023D932E105721FA1E92 /* Pods_FaceGestureDetection.framework */ = {isa = PBXFileReference; explicitFileType = wrapper.framework; includeInIndex = 0; path = Pods_FaceGestureDetection.framework; sourceTree = BUILT_PRODUCTS_DIR; };
		0376E0A0B25D2F6CC8578F75 /* Pods-FaceGestureDetection-FaceGestureDetectionTests.release.xcconfig */ = {isa = PBXFileReference; includeInIndex = 1; lastKnownFileType = text.xcconfig; name = "Pods-FaceGestureDetection-FaceGestureDetectionTests.release.xcconfig"; path = "Target Support Files/Pods-FaceGestureDetection-FaceGestureDetectionTests/Pods-FaceGestureDetection-FaceGestureDetectionTests.release.xcconfig"; sourceTree = "<group>"; };
		245AEEECF15EFB07A243D5F1 /* Pods-FaceGestureDetection.release.xcconfig */ = {isa = PBXFileReference; includeInIndex = 1; lastKnownFileType = text.xcconfig; name = "Pods-FaceGestureDetection.release.xcconfig"; path = "Target Support Files/Pods-FaceGestureDetection/Pods-FaceGestureDetection.release.xcconfig"; sourceTree = "<group>"; };
		3D534FD4291E5F4E007224F3 /* FacialGestureView.swift */ = {isa = PBXFileReference; fileEncoding = 4; lastKnownFileType = sourcecode.swift; path = FacialGestureView.swift; sourceTree = "<group>"; };
		3D88A7F32924D1EF0040C724 /* blink_eyes_Animation.json */ = {isa = PBXFileReference; fileEncoding = 4; lastKnownFileType = text.json; path = blink_eyes_Animation.json; sourceTree = "<group>"; };
		3D88A7F42924D1EF0040C724 /* smile_Animation.json */ = {isa = PBXFileReference; fileEncoding = 4; lastKnownFileType = text.json; path = smile_Animation.json; sourceTree = "<group>"; };
		3D88A7F72924D2070040C724 /* Main.storyboard */ = {isa = PBXFileReference; fileEncoding = 4; lastKnownFileType = file.storyboard; path = Main.storyboard; sourceTree = "<group>"; };
		3D88A7F92924D2230040C724 /* LivenessDetectionViewController.swift */ = {isa = PBXFileReference; fileEncoding = 4; lastKnownFileType = sourcecode.swift; path = LivenessDetectionViewController.swift; sourceTree = "<group>"; };
		3D88A7FA2924D2230040C724 /* SelfieViewController.swift */ = {isa = PBXFileReference; fileEncoding = 4; lastKnownFileType = sourcecode.swift; path = SelfieViewController.swift; sourceTree = "<group>"; };
		3D88A7FD2924D2330040C724 /* LoaderAnimation.swift */ = {isa = PBXFileReference; fileEncoding = 4; lastKnownFileType = sourcecode.swift; path = LoaderAnimation.swift; sourceTree = "<group>"; };
		3D97B657291CCD52009577BE /* BaseViewController.swift */ = {isa = PBXFileReference; fileEncoding = 4; lastKnownFileType = sourcecode.swift; path = BaseViewController.swift; sourceTree = "<group>"; };
		3D97B658291CCD52009577BE /* IntroViewController.swift */ = {isa = PBXFileReference; fileEncoding = 4; lastKnownFileType = sourcecode.swift; path = IntroViewController.swift; sourceTree = "<group>"; };
		3D97B659291CCD52009577BE /* ScanCardBackViewController.swift */ = {isa = PBXFileReference; fileEncoding = 4; lastKnownFileType = sourcecode.swift; path = ScanCardBackViewController.swift; sourceTree = "<group>"; };
		3D97B65A291CCD52009577BE /* HomeViewController.swift */ = {isa = PBXFileReference; fileEncoding = 4; lastKnownFileType = sourcecode.swift; path = HomeViewController.swift; sourceTree = "<group>"; };
		3D97B65B291CCD52009577BE /* PopupViewController.swift */ = {isa = PBXFileReference; fileEncoding = 4; lastKnownFileType = sourcecode.swift; path = PopupViewController.swift; sourceTree = "<group>"; };
		3D97B65D291CCD52009577BE /* SuccessViewController.swift */ = {isa = PBXFileReference; fileEncoding = 4; lastKnownFileType = sourcecode.swift; path = SuccessViewController.swift; sourceTree = "<group>"; };
		3D97B65E291CCD52009577BE /* ScanCardViewController.swift */ = {isa = PBXFileReference; fileEncoding = 4; lastKnownFileType = sourcecode.swift; path = ScanCardViewController.swift; sourceTree = "<group>"; };
		3D97B66A291CCF35009577BE /* LivenessDetectionHeaderTableViewCell.swift */ = {isa = PBXFileReference; fileEncoding = 4; lastKnownFileType = sourcecode.swift; path = LivenessDetectionHeaderTableViewCell.swift; sourceTree = "<group>"; };
		3D97B66C291CCF35009577BE /* PopupDetailTableViewCell.xib */ = {isa = PBXFileReference; fileEncoding = 4; lastKnownFileType = file.xib; path = PopupDetailTableViewCell.xib; sourceTree = "<group>"; };
		3D97B66D291CCF35009577BE /* LivenessDetectionOptionsTableViewCell.swift */ = {isa = PBXFileReference; fileEncoding = 4; lastKnownFileType = sourcecode.swift; path = LivenessDetectionOptionsTableViewCell.swift; sourceTree = "<group>"; };
		3D97B66E291CCF35009577BE /* LivenessDetectionHeaderTableViewCell.xib */ = {isa = PBXFileReference; fileEncoding = 4; lastKnownFileType = file.xib; path = LivenessDetectionHeaderTableViewCell.xib; sourceTree = "<group>"; };
		3D97B66F291CCF35009577BE /* LivenessDetectionOptionsTableViewCell.xib */ = {isa = PBXFileReference; fileEncoding = 4; lastKnownFileType = file.xib; path = LivenessDetectionOptionsTableViewCell.xib; sourceTree = "<group>"; };
		3D97B670291CCF35009577BE /* FullScreenImageViewController.swift */ = {isa = PBXFileReference; fileEncoding = 4; lastKnownFileType = sourcecode.swift; path = FullScreenImageViewController.swift; sourceTree = "<group>"; };
		3D97B671291CCF35009577BE /* PopupDetailTableViewCell.swift */ = {isa = PBXFileReference; fileEncoding = 4; lastKnownFileType = sourcecode.swift; path = PopupDetailTableViewCell.swift; sourceTree = "<group>"; };
		3D97B672291CCF35009577BE /* FullScreenImageViewController.xib */ = {isa = PBXFileReference; fileEncoding = 4; lastKnownFileType = file.xib; path = FullScreenImageViewController.xib; sourceTree = "<group>"; };
		3D97B67D291CD125009577BE /* PopupModels.swift */ = {isa = PBXFileReference; fileEncoding = 4; lastKnownFileType = sourcecode.swift; path = PopupModels.swift; sourceTree = "<group>"; };
		3D97B910291D0407009577BE /* MNISTClassifier.mlmodel */ = {isa = PBXFileReference; lastKnownFileType = file.mlmodel; path = MNISTClassifier.mlmodel; sourceTree = "<group>"; };
		3D97B912291D0438009577BE /* Extensions.swift */ = {isa = PBXFileReference; lastKnownFileType = sourcecode.swift; path = Extensions.swift; sourceTree = "<group>"; };
		3D97B914291D07D5009577BE /* UIView.swift */ = {isa = PBXFileReference; fileEncoding = 4; lastKnownFileType = sourcecode.swift; path = UIView.swift; sourceTree = "<group>"; };
		3D97B916291D0849009577BE /* UILabel.swift */ = {isa = PBXFileReference; fileEncoding = 4; lastKnownFileType = sourcecode.swift; path = UILabel.swift; sourceTree = "<group>"; };
		3D97B918291D0869009577BE /* UIColorExtensions.swift */ = {isa = PBXFileReference; fileEncoding = 4; lastKnownFileType = sourcecode.swift; path = UIColorExtensions.swift; sourceTree = "<group>"; };
		3D97B91A291D0901009577BE /* UIFont.swift */ = {isa = PBXFileReference; fileEncoding = 4; lastKnownFileType = sourcecode.swift; path = UIFont.swift; sourceTree = "<group>"; };
		3DB7923D2919082000A8E777 /* FaceGestureDetection.framework */ = {isa = PBXFileReference; explicitFileType = wrapper.framework; includeInIndex = 0; path = FaceGestureDetection.framework; sourceTree = BUILT_PRODUCTS_DIR; };
		3DB792402919082000A8E777 /* FaceGestureDetection.h */ = {isa = PBXFileReference; lastKnownFileType = sourcecode.c.h; path = FaceGestureDetection.h; sourceTree = "<group>"; };
		3DB792452919082100A8E777 /* FaceGestureDetectionTests.xctest */ = {isa = PBXFileReference; explicitFileType = wrapper.cfbundle; includeInIndex = 0; path = FaceGestureDetectionTests.xctest; sourceTree = BUILT_PRODUCTS_DIR; };
		3DB7924A2919082100A8E777 /* FaceGestureDetectionTests.swift */ = {isa = PBXFileReference; lastKnownFileType = sourcecode.swift; path = FaceGestureDetectionTests.swift; sourceTree = "<group>"; };
		3DD3CBE02924B4B2003D3698 /* Assets.xcassets */ = {isa = PBXFileReference; lastKnownFileType = folder.assetcatalog; path = Assets.xcassets; sourceTree = "<group>"; };
		3DE7E2E4291E81B40057EE5C /* FaceGestureDetectionViewController.swift */ = {isa = PBXFileReference; lastKnownFileType = sourcecode.swift; path = FaceGestureDetectionViewController.swift; sourceTree = "<group>"; };
		4EBB1B9ED32F74AC6A335FB9 /* Pods_FaceGestureDetection_FaceGestureDetectionTests.framework */ = {isa = PBXFileReference; explicitFileType = wrapper.framework; includeInIndex = 0; path = Pods_FaceGestureDetection_FaceGestureDetectionTests.framework; sourceTree = BUILT_PRODUCTS_DIR; };
		991B9943A74FAD1FD8BEDA41 /* Pods-FaceGestureDetection.debug.xcconfig */ = {isa = PBXFileReference; includeInIndex = 1; lastKnownFileType = text.xcconfig; name = "Pods-FaceGestureDetection.debug.xcconfig"; path = "Target Support Files/Pods-FaceGestureDetection/Pods-FaceGestureDetection.debug.xcconfig"; sourceTree = "<group>"; };
		9F6A307ECA57DBDB9EC47EC6 /* Pods-FaceGestureDetection-FaceGestureDetectionTests.debug.xcconfig */ = {isa = PBXFileReference; includeInIndex = 1; lastKnownFileType = text.xcconfig; name = "Pods-FaceGestureDetection-FaceGestureDetectionTests.debug.xcconfig"; path = "Target Support Files/Pods-FaceGestureDetection-FaceGestureDetectionTests/Pods-FaceGestureDetection-FaceGestureDetectionTests.debug.xcconfig"; sourceTree = "<group>"; };
/* End PBXFileReference section */

/* Begin PBXFrameworksBuildPhase section */
		3DB7923A2919082000A8E777 /* Frameworks */ = {
			isa = PBXFrameworksBuildPhase;
			buildActionMask = 2147483647;
			files = (
				20760D1D4EB215814F93E2D0 /* Pods_FaceGestureDetection.framework in Frameworks */,
			);
			runOnlyForDeploymentPostprocessing = 0;
		};
		3DB792422919082100A8E777 /* Frameworks */ = {
			isa = PBXFrameworksBuildPhase;
			buildActionMask = 2147483647;
			files = (
				3DB792462919082100A8E777 /* FaceGestureDetection.framework in Frameworks */,
				FBEC79687FCC4DFC4E10598B /* Pods_FaceGestureDetection_FaceGestureDetectionTests.framework in Frameworks */,
			);
			runOnlyForDeploymentPostprocessing = 0;
		};
/* End PBXFrameworksBuildPhase section */

/* Begin PBXGroup section */
		3D97B651291CCCE9009577BE /* Utilities */ = {
			isa = PBXGroup;
			children = (
				3DD3CBE02924B4B2003D3698 /* Assets.xcassets */,
			);
			path = Utilities;
			sourceTree = "<group>";
		};
		3D97B654291CCD52009577BE /* Controllers */ = {
			isa = PBXGroup;
			children = (
				3DE7E2E4291E81B40057EE5C /* FaceGestureDetectionViewController.swift */,
				3D97B657291CCD52009577BE /* BaseViewController.swift */,
				3D97B658291CCD52009577BE /* IntroViewController.swift */,
				3D88A7F92924D2230040C724 /* LivenessDetectionViewController.swift */,
				3D88A7FA2924D2230040C724 /* SelfieViewController.swift */,
				3D97B659291CCD52009577BE /* ScanCardBackViewController.swift */,
				3D97B65A291CCD52009577BE /* HomeViewController.swift */,
				3D97B65B291CCD52009577BE /* PopupViewController.swift */,
				3D97B65D291CCD52009577BE /* SuccessViewController.swift */,
				3D97B65E291CCD52009577BE /* ScanCardViewController.swift */,
			);
			path = Controllers;
			sourceTree = "<group>";
		};
		3D97B669291CCF35009577BE /* Cell & Views */ = {
			isa = PBXGroup;
			children = (
				3D534FD4291E5F4E007224F3 /* FacialGestureView.swift */,
				3D88A7FD2924D2330040C724 /* LoaderAnimation.swift */,
				3D97B66A291CCF35009577BE /* LivenessDetectionHeaderTableViewCell.swift */,
				3D97B66C291CCF35009577BE /* PopupDetailTableViewCell.xib */,
				3D97B66D291CCF35009577BE /* LivenessDetectionOptionsTableViewCell.swift */,
				3D97B66E291CCF35009577BE /* LivenessDetectionHeaderTableViewCell.xib */,
				3D97B66F291CCF35009577BE /* LivenessDetectionOptionsTableViewCell.xib */,
				3D97B670291CCF35009577BE /* FullScreenImageViewController.swift */,
				3D97B671291CCF35009577BE /* PopupDetailTableViewCell.swift */,
				3D97B672291CCF35009577BE /* FullScreenImageViewController.xib */,
			);
			path = "Cell & Views";
			sourceTree = "<group>";
		};
		3D97B67C291CD125009577BE /* Models */ = {
			isa = PBXGroup;
			children = (
				3D97B910291D0407009577BE /* MNISTClassifier.mlmodel */,
				3D97B67D291CD125009577BE /* PopupModels.swift */,
				3D97B912291D0438009577BE /* Extensions.swift */,
				3D97B914291D07D5009577BE /* UIView.swift */,
				3D97B916291D0849009577BE /* UILabel.swift */,
				3D97B91A291D0901009577BE /* UIFont.swift */,
				3D97B918291D0869009577BE /* UIColorExtensions.swift */,
			);
			path = Models;
			sourceTree = "<group>";
		};
		3DB792332919082000A8E777 = {
			isa = PBXGroup;
			children = (
				3DB7923F2919082000A8E777 /* FaceGestureDetection */,
				3DB792492919082100A8E777 /* FaceGestureDetectionTests */,
				3DB7923E2919082000A8E777 /* Products */,
				E968EB6CB4ABFDB617940F93 /* Pods */,
				85C186FCFF1B3A7B66167645 /* Frameworks */,
			);
			sourceTree = "<group>";
		};
		3DB7923E2919082000A8E777 /* Products */ = {
			isa = PBXGroup;
			children = (
				3DB7923D2919082000A8E777 /* FaceGestureDetection.framework */,
				3DB792452919082100A8E777 /* FaceGestureDetectionTests.xctest */,
			);
			name = Products;
			sourceTree = "<group>";
		};
		3DB7923F2919082000A8E777 /* FaceGestureDetection */ = {
			isa = PBXGroup;
			children = (
				3DB792402919082000A8E777 /* FaceGestureDetection.h */,
				3D97B67C291CD125009577BE /* Models */,
				3D97B669291CCF35009577BE /* Cell & Views */,
				3D97B654291CCD52009577BE /* Controllers */,
				3DB792552919134F00A8E777 /* Views */,
				3D97B651291CCCE9009577BE /* Utilities */,
			);
			path = FaceGestureDetection;
			sourceTree = "<group>";
		};
		3DB792492919082100A8E777 /* FaceGestureDetectionTests */ = {
			isa = PBXGroup;
			children = (
				3DB7924A2919082100A8E777 /* FaceGestureDetectionTests.swift */,
			);
			path = FaceGestureDetectionTests;
			sourceTree = "<group>";
		};
		3DB792552919134F00A8E777 /* Views */ = {
			isa = PBXGroup;
			children = (
				3D88A7F32924D1EF0040C724 /* blink_eyes_Animation.json */,
				3D88A7F42924D1EF0040C724 /* smile_Animation.json */,
				3D88A7F72924D2070040C724 /* Main.storyboard */,
			);
			path = Views;
			sourceTree = "<group>";
		};
		85C186FCFF1B3A7B66167645 /* Frameworks */ = {
			isa = PBXGroup;
			children = (
				0059023D932E105721FA1E92 /* Pods_FaceGestureDetection.framework */,
				4EBB1B9ED32F74AC6A335FB9 /* Pods_FaceGestureDetection_FaceGestureDetectionTests.framework */,
			);
			name = Frameworks;
			sourceTree = "<group>";
		};
		E968EB6CB4ABFDB617940F93 /* Pods */ = {
			isa = PBXGroup;
			children = (
				991B9943A74FAD1FD8BEDA41 /* Pods-FaceGestureDetection.debug.xcconfig */,
				245AEEECF15EFB07A243D5F1 /* Pods-FaceGestureDetection.release.xcconfig */,
				9F6A307ECA57DBDB9EC47EC6 /* Pods-FaceGestureDetection-FaceGestureDetectionTests.debug.xcconfig */,
				0376E0A0B25D2F6CC8578F75 /* Pods-FaceGestureDetection-FaceGestureDetectionTests.release.xcconfig */,
			);
			path = Pods;
			sourceTree = "<group>";
		};
/* End PBXGroup section */

/* Begin PBXHeadersBuildPhase section */
		3DB792382919082000A8E777 /* Headers */ = {
			isa = PBXHeadersBuildPhase;
			buildActionMask = 2147483647;
			files = (
				3DB7924C2919082100A8E777 /* FaceGestureDetection.h in Headers */,
			);
			runOnlyForDeploymentPostprocessing = 0;
		};
/* End PBXHeadersBuildPhase section */

/* Begin PBXNativeTarget section */
		3DB7923C2919082000A8E777 /* FaceGestureDetection */ = {
			isa = PBXNativeTarget;
			buildConfigurationList = 3DB7924F2919082100A8E777 /* Build configuration list for PBXNativeTarget "FaceGestureDetection" */;
			buildPhases = (
				1B1BA69EC826364EF5301337 /* [CP] Check Pods Manifest.lock */,
				3DB792382919082000A8E777 /* Headers */,
				3DB792392919082000A8E777 /* Sources */,
				3DB7923A2919082000A8E777 /* Frameworks */,
				3DB7923B2919082000A8E777 /* Resources */,
				FC4D06F3D2BE63A58FBB157B /* [CP] Copy Pods Resources */,
			);
			buildRules = (
			);
			dependencies = (
			);
			name = FaceGestureDetection;
			productName = FaceGestureDetection;
			productReference = 3DB7923D2919082000A8E777 /* FaceGestureDetection.framework */;
			productType = "com.apple.product-type.framework";
		};
		3DB792442919082100A8E777 /* FaceGestureDetectionTests */ = {
			isa = PBXNativeTarget;
			buildConfigurationList = 3DB792522919082100A8E777 /* Build configuration list for PBXNativeTarget "FaceGestureDetectionTests" */;
			buildPhases = (
				F07D4384E71E52D05FA1C863 /* [CP] Check Pods Manifest.lock */,
				3DB792412919082100A8E777 /* Sources */,
				3DB792422919082100A8E777 /* Frameworks */,
				3DB792432919082100A8E777 /* Resources */,
				0507CFD574F3AE9C537036FE /* [CP] Embed Pods Frameworks */,
				A23010F58260E8EEF9996192 /* [CP] Copy Pods Resources */,
			);
			buildRules = (
			);
			dependencies = (
				3DB792482919082100A8E777 /* PBXTargetDependency */,
			);
			name = FaceGestureDetectionTests;
			productName = FaceGestureDetectionTests;
			productReference = 3DB792452919082100A8E777 /* FaceGestureDetectionTests.xctest */;
			productType = "com.apple.product-type.bundle.unit-test";
		};
/* End PBXNativeTarget section */

/* Begin PBXProject section */
		3DB792342919082000A8E777 /* Project object */ = {
			isa = PBXProject;
			attributes = {
				BuildIndependentTargetsInParallel = 1;
				LastSwiftUpdateCheck = 1400;
				LastUpgradeCheck = 1400;
				TargetAttributes = {
					3DB7923C2919082000A8E777 = {
						CreatedOnToolsVersion = 14.0.1;
						LastSwiftMigration = 1400;
					};
					3DB792442919082100A8E777 = {
						CreatedOnToolsVersion = 14.0.1;
					};
				};
			};
			buildConfigurationList = 3DB792372919082000A8E777 /* Build configuration list for PBXProject "FaceGestureDetection" */;
			compatibilityVersion = "Xcode 13.0";
			developmentRegion = en;
			hasScannedForEncodings = 0;
			knownRegions = (
				en,
				Base,
			);
			mainGroup = 3DB792332919082000A8E777;
			productRefGroup = 3DB7923E2919082000A8E777 /* Products */;
			projectDirPath = "";
			projectRoot = "";
			targets = (
				3DB7923C2919082000A8E777 /* FaceGestureDetection */,
				3DB792442919082100A8E777 /* FaceGestureDetectionTests */,
			);
		};
/* End PBXProject section */

/* Begin PBXResourcesBuildPhase section */
		3DB7923B2919082000A8E777 /* Resources */ = {
			isa = PBXResourcesBuildPhase;
			buildActionMask = 2147483647;
			files = (
				3D97B677291CCF35009577BE /* LivenessDetectionHeaderTableViewCell.xib in Resources */,
				3D97B675291CCF35009577BE /* PopupDetailTableViewCell.xib in Resources */,
				3D97B678291CCF35009577BE /* LivenessDetectionOptionsTableViewCell.xib in Resources */,
				3D88A7F82924D2070040C724 /* Main.storyboard in Resources */,
				3D88A7F52924D1EF0040C724 /* blink_eyes_Animation.json in Resources */,
				3D88A7F62924D1EF0040C724 /* smile_Animation.json in Resources */,
				3DD3CBE12924B4B3003D3698 /* Assets.xcassets in Resources */,
				3D97B67B291CCF35009577BE /* FullScreenImageViewController.xib in Resources */,
			);
			runOnlyForDeploymentPostprocessing = 0;
		};
		3DB792432919082100A8E777 /* Resources */ = {
			isa = PBXResourcesBuildPhase;
			buildActionMask = 2147483647;
			files = (
			);
			runOnlyForDeploymentPostprocessing = 0;
		};
/* End PBXResourcesBuildPhase section */

/* Begin PBXShellScriptBuildPhase section */
		0507CFD574F3AE9C537036FE /* [CP] Embed Pods Frameworks */ = {
			isa = PBXShellScriptBuildPhase;
			buildActionMask = 2147483647;
			files = (
			);
			inputFileListPaths = (
				"${PODS_ROOT}/Target Support Files/Pods-FaceGestureDetection-FaceGestureDetectionTests/Pods-FaceGestureDetection-FaceGestureDetectionTests-frameworks-${CONFIGURATION}-input-files.xcfilelist",
			);
			name = "[CP] Embed Pods Frameworks";
			outputFileListPaths = (
				"${PODS_ROOT}/Target Support Files/Pods-FaceGestureDetection-FaceGestureDetectionTests/Pods-FaceGestureDetection-FaceGestureDetectionTests-frameworks-${CONFIGURATION}-output-files.xcfilelist",
			);
			runOnlyForDeploymentPostprocessing = 0;
			shellPath = /bin/sh;
			shellScript = "\"${PODS_ROOT}/Target Support Files/Pods-FaceGestureDetection-FaceGestureDetectionTests/Pods-FaceGestureDetection-FaceGestureDetectionTests-frameworks.sh\"\n";
			showEnvVarsInLog = 0;
		};
		1B1BA69EC826364EF5301337 /* [CP] Check Pods Manifest.lock */ = {
			isa = PBXShellScriptBuildPhase;
			buildActionMask = 2147483647;
			files = (
			);
			inputFileListPaths = (
			);
			inputPaths = (
				"${PODS_PODFILE_DIR_PATH}/Podfile.lock",
				"${PODS_ROOT}/Manifest.lock",
			);
			name = "[CP] Check Pods Manifest.lock";
			outputFileListPaths = (
			);
			outputPaths = (
				"$(DERIVED_FILE_DIR)/Pods-FaceGestureDetection-checkManifestLockResult.txt",
			);
			runOnlyForDeploymentPostprocessing = 0;
			shellPath = /bin/sh;
			shellScript = "diff \"${PODS_PODFILE_DIR_PATH}/Podfile.lock\" \"${PODS_ROOT}/Manifest.lock\" > /dev/null\nif [ $? != 0 ] ; then\n    # print error to STDERR\n    echo \"error: The sandbox is not in sync with the Podfile.lock. Run 'pod install' or update your CocoaPods installation.\" >&2\n    exit 1\nfi\n# This output is used by Xcode 'outputs' to avoid re-running this script phase.\necho \"SUCCESS\" > \"${SCRIPT_OUTPUT_FILE_0}\"\n";
			showEnvVarsInLog = 0;
		};
		A23010F58260E8EEF9996192 /* [CP] Copy Pods Resources */ = {
			isa = PBXShellScriptBuildPhase;
			buildActionMask = 2147483647;
			files = (
			);
			inputFileListPaths = (
				"${PODS_ROOT}/Target Support Files/Pods-FaceGestureDetection-FaceGestureDetectionTests/Pods-FaceGestureDetection-FaceGestureDetectionTests-resources-${CONFIGURATION}-input-files.xcfilelist",
			);
			name = "[CP] Copy Pods Resources";
			outputFileListPaths = (
				"${PODS_ROOT}/Target Support Files/Pods-FaceGestureDetection-FaceGestureDetectionTests/Pods-FaceGestureDetection-FaceGestureDetectionTests-resources-${CONFIGURATION}-output-files.xcfilelist",
			);
			runOnlyForDeploymentPostprocessing = 0;
			shellPath = /bin/sh;
			shellScript = "\"${PODS_ROOT}/Target Support Files/Pods-FaceGestureDetection-FaceGestureDetectionTests/Pods-FaceGestureDetection-FaceGestureDetectionTests-resources.sh\"\n";
			showEnvVarsInLog = 0;
		};
		F07D4384E71E52D05FA1C863 /* [CP] Check Pods Manifest.lock */ = {
			isa = PBXShellScriptBuildPhase;
			buildActionMask = 2147483647;
			files = (
			);
			inputFileListPaths = (
			);
			inputPaths = (
				"${PODS_PODFILE_DIR_PATH}/Podfile.lock",
				"${PODS_ROOT}/Manifest.lock",
			);
			name = "[CP] Check Pods Manifest.lock";
			outputFileListPaths = (
			);
			outputPaths = (
				"$(DERIVED_FILE_DIR)/Pods-FaceGestureDetection-FaceGestureDetectionTests-checkManifestLockResult.txt",
			);
			runOnlyForDeploymentPostprocessing = 0;
			shellPath = /bin/sh;
			shellScript = "diff \"${PODS_PODFILE_DIR_PATH}/Podfile.lock\" \"${PODS_ROOT}/Manifest.lock\" > /dev/null\nif [ $? != 0 ] ; then\n    # print error to STDERR\n    echo \"error: The sandbox is not in sync with the Podfile.lock. Run 'pod install' or update your CocoaPods installation.\" >&2\n    exit 1\nfi\n# This output is used by Xcode 'outputs' to avoid re-running this script phase.\necho \"SUCCESS\" > \"${SCRIPT_OUTPUT_FILE_0}\"\n";
			showEnvVarsInLog = 0;
		};
		FC4D06F3D2BE63A58FBB157B /* [CP] Copy Pods Resources */ = {
			isa = PBXShellScriptBuildPhase;
			buildActionMask = 2147483647;
			files = (
			);
			inputFileListPaths = (
				"${PODS_ROOT}/Target Support Files/Pods-FaceGestureDetection/Pods-FaceGestureDetection-resources-${CONFIGURATION}-input-files.xcfilelist",
			);
			name = "[CP] Copy Pods Resources";
			outputFileListPaths = (
				"${PODS_ROOT}/Target Support Files/Pods-FaceGestureDetection/Pods-FaceGestureDetection-resources-${CONFIGURATION}-output-files.xcfilelist",
			);
			runOnlyForDeploymentPostprocessing = 0;
			shellPath = /bin/sh;
			shellScript = "\"${PODS_ROOT}/Target Support Files/Pods-FaceGestureDetection/Pods-FaceGestureDetection-resources.sh\"\n";
			showEnvVarsInLog = 0;
		};
/* End PBXShellScriptBuildPhase section */

/* Begin PBXSourcesBuildPhase section */
		3DB792392919082000A8E777 /* Sources */ = {
			isa = PBXSourcesBuildPhase;
			buildActionMask = 2147483647;
			files = (
				3D97B663291CCD52009577BE /* ScanCardBackViewController.swift in Sources */,
				3D97B676291CCF35009577BE /* LivenessDetectionOptionsTableViewCell.swift in Sources */,
				3D97B67A291CCF35009577BE /* PopupDetailTableViewCell.swift in Sources */,
				3D97B911291D0407009577BE /* MNISTClassifier.mlmodel in Sources */,
				3D97B684291CD125009577BE /* PopupModels.swift in Sources */,
				3D97B662291CCD52009577BE /* IntroViewController.swift in Sources */,
				3D534FD5291E5F4E007224F3 /* FacialGestureView.swift in Sources */,
				3D97B919291D0869009577BE /* UIColorExtensions.swift in Sources */,
				3D97B915291D07D5009577BE /* UIView.swift in Sources */,
				3D97B917291D0849009577BE /* UILabel.swift in Sources */,
				3D97B661291CCD52009577BE /* BaseViewController.swift in Sources */,
				3D97B664291CCD52009577BE /* HomeViewController.swift in Sources */,
				3D97B668291CCD52009577BE /* ScanCardViewController.swift in Sources */,
				3D97B673291CCF35009577BE /* LivenessDetectionHeaderTableViewCell.swift in Sources */,
				3DE7E2E5291E81B40057EE5C /* FaceGestureDetectionViewController.swift in Sources */,
				3D88A7FE2924D2330040C724 /* LoaderAnimation.swift in Sources */,
				3D97B679291CCF35009577BE /* FullScreenImageViewController.swift in Sources */,
				3D88A7FC2924D2230040C724 /* SelfieViewController.swift in Sources */,
				3D97B667291CCD52009577BE /* SuccessViewController.swift in Sources */,
				3D88A7FB2924D2230040C724 /* LivenessDetectionViewController.swift in Sources */,
				3D97B91B291D0902009577BE /* UIFont.swift in Sources */,
				3D97B665291CCD52009577BE /* PopupViewController.swift in Sources */,
				3D97B913291D0438009577BE /* Extensions.swift in Sources */,
			);
			runOnlyForDeploymentPostprocessing = 0;
		};
		3DB792412919082100A8E777 /* Sources */ = {
			isa = PBXSourcesBuildPhase;
			buildActionMask = 2147483647;
			files = (
				3DB7924B2919082100A8E777 /* FaceGestureDetectionTests.swift in Sources */,
			);
			runOnlyForDeploymentPostprocessing = 0;
		};
/* End PBXSourcesBuildPhase section */

/* Begin PBXTargetDependency section */
		3DB792482919082100A8E777 /* PBXTargetDependency */ = {
			isa = PBXTargetDependency;
			target = 3DB7923C2919082000A8E777 /* FaceGestureDetection */;
			targetProxy = 3DB792472919082100A8E777 /* PBXContainerItemProxy */;
		};
/* End PBXTargetDependency section */

/* Begin XCBuildConfiguration section */
		3DB7924D2919082100A8E777 /* Debug */ = {
			isa = XCBuildConfiguration;
			buildSettings = {
				ALWAYS_SEARCH_USER_PATHS = NO;
				CLANG_ANALYZER_NONNULL = YES;
				CLANG_ANALYZER_NUMBER_OBJECT_CONVERSION = YES_AGGRESSIVE;
				CLANG_CXX_LANGUAGE_STANDARD = "gnu++20";
				CLANG_ENABLE_MODULES = YES;
				CLANG_ENABLE_OBJC_ARC = YES;
				CLANG_ENABLE_OBJC_WEAK = YES;
				CLANG_WARN_BLOCK_CAPTURE_AUTORELEASING = YES;
				CLANG_WARN_BOOL_CONVERSION = YES;
				CLANG_WARN_COMMA = YES;
				CLANG_WARN_CONSTANT_CONVERSION = YES;
				CLANG_WARN_DEPRECATED_OBJC_IMPLEMENTATIONS = YES;
				CLANG_WARN_DIRECT_OBJC_ISA_USAGE = YES_ERROR;
				CLANG_WARN_DOCUMENTATION_COMMENTS = YES;
				CLANG_WARN_EMPTY_BODY = YES;
				CLANG_WARN_ENUM_CONVERSION = YES;
				CLANG_WARN_INFINITE_RECURSION = YES;
				CLANG_WARN_INT_CONVERSION = YES;
				CLANG_WARN_NON_LITERAL_NULL_CONVERSION = YES;
				CLANG_WARN_OBJC_IMPLICIT_RETAIN_SELF = YES;
				CLANG_WARN_OBJC_LITERAL_CONVERSION = YES;
				CLANG_WARN_OBJC_ROOT_CLASS = YES_ERROR;
				CLANG_WARN_QUOTED_INCLUDE_IN_FRAMEWORK_HEADER = YES;
				CLANG_WARN_RANGE_LOOP_ANALYSIS = YES;
				CLANG_WARN_STRICT_PROTOTYPES = YES;
				CLANG_WARN_SUSPICIOUS_MOVE = YES;
				CLANG_WARN_UNGUARDED_AVAILABILITY = YES_AGGRESSIVE;
				CLANG_WARN_UNREACHABLE_CODE = YES;
				CLANG_WARN__DUPLICATE_METHOD_MATCH = YES;
				COPY_PHASE_STRIP = NO;
				CURRENT_PROJECT_VERSION = 1;
				DEBUG_INFORMATION_FORMAT = dwarf;
				ENABLE_STRICT_OBJC_MSGSEND = YES;
				ENABLE_TESTABILITY = YES;
				GCC_C_LANGUAGE_STANDARD = gnu11;
				GCC_DYNAMIC_NO_PIC = NO;
				GCC_NO_COMMON_BLOCKS = YES;
				GCC_OPTIMIZATION_LEVEL = 0;
				GCC_PREPROCESSOR_DEFINITIONS = (
					"DEBUG=1",
					"$(inherited)",
				);
				GCC_WARN_64_TO_32_BIT_CONVERSION = YES;
				GCC_WARN_ABOUT_RETURN_TYPE = YES_ERROR;
				GCC_WARN_UNDECLARED_SELECTOR = YES;
				GCC_WARN_UNINITIALIZED_AUTOS = YES_AGGRESSIVE;
				GCC_WARN_UNUSED_FUNCTION = YES;
				GCC_WARN_UNUSED_VARIABLE = YES;
				IPHONEOS_DEPLOYMENT_TARGET = 11.0;
				MTL_ENABLE_DEBUG_INFO = INCLUDE_SOURCE;
				MTL_FAST_MATH = YES;
				ONLY_ACTIVE_ARCH = YES;
				SDKROOT = iphoneos;
				SWIFT_ACTIVE_COMPILATION_CONDITIONS = DEBUG;
				SWIFT_OPTIMIZATION_LEVEL = "-Onone";
				VERSIONING_SYSTEM = "apple-generic";
				VERSION_INFO_PREFIX = "";
			};
			name = Debug;
		};
		3DB7924E2919082100A8E777 /* Release */ = {
			isa = XCBuildConfiguration;
			buildSettings = {
				ALWAYS_SEARCH_USER_PATHS = NO;
				CLANG_ANALYZER_NONNULL = YES;
				CLANG_ANALYZER_NUMBER_OBJECT_CONVERSION = YES_AGGRESSIVE;
				CLANG_CXX_LANGUAGE_STANDARD = "gnu++20";
				CLANG_ENABLE_MODULES = YES;
				CLANG_ENABLE_OBJC_ARC = YES;
				CLANG_ENABLE_OBJC_WEAK = YES;
				CLANG_WARN_BLOCK_CAPTURE_AUTORELEASING = YES;
				CLANG_WARN_BOOL_CONVERSION = YES;
				CLANG_WARN_COMMA = YES;
				CLANG_WARN_CONSTANT_CONVERSION = YES;
				CLANG_WARN_DEPRECATED_OBJC_IMPLEMENTATIONS = YES;
				CLANG_WARN_DIRECT_OBJC_ISA_USAGE = YES_ERROR;
				CLANG_WARN_DOCUMENTATION_COMMENTS = YES;
				CLANG_WARN_EMPTY_BODY = YES;
				CLANG_WARN_ENUM_CONVERSION = YES;
				CLANG_WARN_INFINITE_RECURSION = YES;
				CLANG_WARN_INT_CONVERSION = YES;
				CLANG_WARN_NON_LITERAL_NULL_CONVERSION = YES;
				CLANG_WARN_OBJC_IMPLICIT_RETAIN_SELF = YES;
				CLANG_WARN_OBJC_LITERAL_CONVERSION = YES;
				CLANG_WARN_OBJC_ROOT_CLASS = YES_ERROR;
				CLANG_WARN_QUOTED_INCLUDE_IN_FRAMEWORK_HEADER = YES;
				CLANG_WARN_RANGE_LOOP_ANALYSIS = YES;
				CLANG_WARN_STRICT_PROTOTYPES = YES;
				CLANG_WARN_SUSPICIOUS_MOVE = YES;
				CLANG_WARN_UNGUARDED_AVAILABILITY = YES_AGGRESSIVE;
				CLANG_WARN_UNREACHABLE_CODE = YES;
				CLANG_WARN__DUPLICATE_METHOD_MATCH = YES;
				COPY_PHASE_STRIP = NO;
				CURRENT_PROJECT_VERSION = 1;
				DEBUG_INFORMATION_FORMAT = "dwarf-with-dsym";
				ENABLE_NS_ASSERTIONS = NO;
				ENABLE_STRICT_OBJC_MSGSEND = YES;
				GCC_C_LANGUAGE_STANDARD = gnu11;
				GCC_NO_COMMON_BLOCKS = YES;
				GCC_WARN_64_TO_32_BIT_CONVERSION = YES;
				GCC_WARN_ABOUT_RETURN_TYPE = YES_ERROR;
				GCC_WARN_UNDECLARED_SELECTOR = YES;
				GCC_WARN_UNINITIALIZED_AUTOS = YES_AGGRESSIVE;
				GCC_WARN_UNUSED_FUNCTION = YES;
				GCC_WARN_UNUSED_VARIABLE = YES;
				IPHONEOS_DEPLOYMENT_TARGET = 11.0;
				MTL_ENABLE_DEBUG_INFO = NO;
				MTL_FAST_MATH = YES;
				SDKROOT = iphoneos;
				SWIFT_COMPILATION_MODE = wholemodule;
				SWIFT_OPTIMIZATION_LEVEL = "-O";
				VALIDATE_PRODUCT = YES;
				VERSIONING_SYSTEM = "apple-generic";
				VERSION_INFO_PREFIX = "";
			};
			name = Release;
		};
		3DB792502919082100A8E777 /* Debug */ = {
			isa = XCBuildConfiguration;
			baseConfigurationReference = 991B9943A74FAD1FD8BEDA41 /* Pods-FaceGestureDetection.debug.xcconfig */;
			buildSettings = {
				CLANG_ENABLE_MODULES = YES;
				CODE_SIGN_STYLE = Automatic;
				CURRENT_PROJECT_VERSION = 1;
				DEFINES_MODULE = YES;
				DEVELOPMENT_TEAM = 3RX4E9DU8W;
				DYLIB_COMPATIBILITY_VERSION = 1;
				DYLIB_CURRENT_VERSION = 1;
				DYLIB_INSTALL_NAME_BASE = "@rpath";
				FRAMEWORK_SEARCH_PATHS = (
					"$(inherited)",
					"$(PROJECT_DIR)/FaceGestureDetection/Dependensies\\ FIles/FirebaseMLVision/Frameworks",
					"$(PROJECT_DIR)/FaceGestureDetection/Dependensies\\ FIles/FirebaseMLVisionFaceModel/Frameworks",
					"$(PROJECT_DIR)/FaceGestureDetection/Dependensies\\ FIles/FirebaseMLCommon/Frameworks",
					"$(PROJECT_DIR)/FaceGestureDetection/Dependencies/MLKitFaceDetection/Frameworks",
					"$(PROJECT_DIR)/FaceGestureDetection/Dependencies/MLKitCommon/Frameworks",
					"$(PROJECT_DIR)/FaceGestureDetection/Dependencies/MLImage/Frameworks",
					"$(PROJECT_DIR)/FaceGestureDetection/Dependencies/MLKitVision/Frameworks",
				);
				GENERATE_INFOPLIST_FILE = YES;
				INFOPLIST_KEY_NSHumanReadableCopyright = "";
				INSTALL_PATH = "$(LOCAL_LIBRARY_DIR)/Frameworks";
				IPHONEOS_DEPLOYMENT_TARGET = 13.0;
				LD_RUNPATH_SEARCH_PATHS = (
					"$(inherited)",
					"@executable_path/Frameworks",
					"@loader_path/Frameworks",
				);
				MARKETING_VERSION = 1.0;
				PRODUCT_BUNDLE_IDENTIFIER = com.FaceGestureDetection.app.FaceGestureDetection;
				PRODUCT_NAME = "$(TARGET_NAME:c99extidentifier)";
				SKIP_INSTALL = YES;
				SUPPORTED_PLATFORMS = "iphoneos iphonesimulator";
				SUPPORTS_MACCATALYST = NO;
				SUPPORTS_MAC_DESIGNED_FOR_IPHONE_IPAD = NO;
				SWIFT_EMIT_LOC_STRINGS = YES;
				SWIFT_OPTIMIZATION_LEVEL = "-Onone";
				SWIFT_VERSION = 5.0;
				TARGETED_DEVICE_FAMILY = 1;
			};
			name = Debug;
		};
		3DB792512919082100A8E777 /* Release */ = {
			isa = XCBuildConfiguration;
			baseConfigurationReference = 245AEEECF15EFB07A243D5F1 /* Pods-FaceGestureDetection.release.xcconfig */;
			buildSettings = {
				CLANG_ENABLE_MODULES = YES;
				CODE_SIGN_STYLE = Automatic;
				CURRENT_PROJECT_VERSION = 1;
				DEFINES_MODULE = YES;
				DEVELOPMENT_TEAM = 3RX4E9DU8W;
				DYLIB_COMPATIBILITY_VERSION = 1;
				DYLIB_CURRENT_VERSION = 1;
				DYLIB_INSTALL_NAME_BASE = "@rpath";
				FRAMEWORK_SEARCH_PATHS = (
					"$(inherited)",
					"$(PROJECT_DIR)/FaceGestureDetection/Dependensies\\ FIles/FirebaseMLVision/Frameworks",
					"$(PROJECT_DIR)/FaceGestureDetection/Dependensies\\ FIles/FirebaseMLVisionFaceModel/Frameworks",
					"$(PROJECT_DIR)/FaceGestureDetection/Dependensies\\ FIles/FirebaseMLCommon/Frameworks",
					"$(PROJECT_DIR)/FaceGestureDetection/Dependencies/MLKitFaceDetection/Frameworks",
					"$(PROJECT_DIR)/FaceGestureDetection/Dependencies/MLKitCommon/Frameworks",
					"$(PROJECT_DIR)/FaceGestureDetection/Dependencies/MLImage/Frameworks",
					"$(PROJECT_DIR)/FaceGestureDetection/Dependencies/MLKitVision/Frameworks",
				);
				GENERATE_INFOPLIST_FILE = YES;
				INFOPLIST_KEY_NSHumanReadableCopyright = "";
				INSTALL_PATH = "$(LOCAL_LIBRARY_DIR)/Frameworks";
				IPHONEOS_DEPLOYMENT_TARGET = 13.0;
				LD_RUNPATH_SEARCH_PATHS = (
					"$(inherited)",
					"@executable_path/Frameworks",
					"@loader_path/Frameworks",
				);
				MARKETING_VERSION = 1.0;
				PRODUCT_BUNDLE_IDENTIFIER = com.FaceGestureDetection.app.FaceGestureDetection;
				PRODUCT_NAME = "$(TARGET_NAME:c99extidentifier)";
				SKIP_INSTALL = YES;
				SUPPORTED_PLATFORMS = "iphoneos iphonesimulator";
				SUPPORTS_MACCATALYST = NO;
				SUPPORTS_MAC_DESIGNED_FOR_IPHONE_IPAD = NO;
				SWIFT_EMIT_LOC_STRINGS = YES;
				SWIFT_VERSION = 5.0;
				TARGETED_DEVICE_FAMILY = 1;
			};
			name = Release;
		};
		3DB792532919082100A8E777 /* Debug */ = {
			isa = XCBuildConfiguration;
			baseConfigurationReference = 9F6A307ECA57DBDB9EC47EC6 /* Pods-FaceGestureDetection-FaceGestureDetectionTests.debug.xcconfig */;
			buildSettings = {
				ALWAYS_EMBED_SWIFT_STANDARD_LIBRARIES = YES;
				CODE_SIGN_STYLE = Automatic;
				CURRENT_PROJECT_VERSION = 1;
				DEVELOPMENT_TEAM = 3RX4E9DU8W;
				GENERATE_INFOPLIST_FILE = YES;
				MARKETING_VERSION = 1.0;
				PRODUCT_BUNDLE_IDENTIFIER = com.FaceGestureDetection.app.FaceGestureDetectionTests;
				PRODUCT_NAME = "$(TARGET_NAME)";
				SWIFT_EMIT_LOC_STRINGS = NO;
				SWIFT_VERSION = 5.0;
				TARGETED_DEVICE_FAMILY = "1,2";
			};
			name = Debug;
		};
		3DB792542919082100A8E777 /* Release */ = {
			isa = XCBuildConfiguration;
			baseConfigurationReference = 0376E0A0B25D2F6CC8578F75 /* Pods-FaceGestureDetection-FaceGestureDetectionTests.release.xcconfig */;
			buildSettings = {
				ALWAYS_EMBED_SWIFT_STANDARD_LIBRARIES = YES;
				CODE_SIGN_STYLE = Automatic;
				CURRENT_PROJECT_VERSION = 1;
				DEVELOPMENT_TEAM = 3RX4E9DU8W;
				GENERATE_INFOPLIST_FILE = YES;
				MARKETING_VERSION = 1.0;
				PRODUCT_BUNDLE_IDENTIFIER = com.FaceGestureDetection.app.FaceGestureDetectionTests;
				PRODUCT_NAME = "$(TARGET_NAME)";
				SWIFT_EMIT_LOC_STRINGS = NO;
				SWIFT_VERSION = 5.0;
				TARGETED_DEVICE_FAMILY = "1,2";
			};
			name = Release;
		};
/* End XCBuildConfiguration section */

/* Begin XCConfigurationList section */
		3DB792372919082000A8E777 /* Build configuration list for PBXProject "FaceGestureDetection" */ = {
			isa = XCConfigurationList;
			buildConfigurations = (
				3DB7924D2919082100A8E777 /* Debug */,
				3DB7924E2919082100A8E777 /* Release */,
			);
			defaultConfigurationIsVisible = 0;
			defaultConfigurationName = Release;
		};
		3DB7924F2919082100A8E777 /* Build configuration list for PBXNativeTarget "FaceGestureDetection" */ = {
			isa = XCConfigurationList;
			buildConfigurations = (
				3DB792502919082100A8E777 /* Debug */,
				3DB792512919082100A8E777 /* Release */,
			);
			defaultConfigurationIsVisible = 0;
			defaultConfigurationName = Release;
		};
		3DB792522919082100A8E777 /* Build configuration list for PBXNativeTarget "FaceGestureDetectionTests" */ = {
			isa = XCConfigurationList;
			buildConfigurations = (
				3DB792532919082100A8E777 /* Debug */,
				3DB792542919082100A8E777 /* Release */,
			);
			defaultConfigurationIsVisible = 0;
			defaultConfigurationName = Release;
		};
/* End XCConfigurationList section */
	};
	rootObject = 3DB792342919082000A8E777 /* Project object */;
}
